
Microsoft Visual Studio Solution File, Format Version 12.00
# Visual Studio 15
VisualStudioVersion = 15.0.28010.2019
MinimumVisualStudioVersion = 10.0.40219.1
Project("{FAE04EC0-301F-11D3-BF4B-00C04F79EFBC}") = "TwitchSample2.Android", "TwitchSample2\TwitchSample2.Android\TwitchSample2.Android.csproj", "{FA5CC542-8C15-45B3-82AE-38FC47572B3A}"
EndProject
Project("{FAE04EC0-301F-11D3-BF4B-00C04F79EFBC}") = "TwitchSample2.iOS", "TwitchSample2\TwitchSample2.iOS\TwitchSample2.iOS.csproj", "{315536AC-DBDB-4DEB-9F29-4C9CC72A1D14}"
EndProject
Project("{FAE04EC0-301F-11D3-BF4B-00C04F79EFBC}") = "TwitchSample2.UWP", "TwitchSample2\TwitchSample2.UWP\TwitchSample2.UWP.csproj", "{20BEA764-790C-4B8A-92C4-193050BFBD0A}"
EndProject
Project("{FAE04EC0-301F-11D3-BF4B-00C04F79EFBC}") = "TwitchSample2", "TwitchSample2\TwitchSample2\TwitchSample2.csproj", "{7C53037F-7970-4D3D-A7DC-E323201A819A}"
EndProject
Global
	GlobalSection(SolutionConfigurationPlatforms) = preSolution
		Ad-Hoc|Any CPU = Ad-Hoc|Any CPU
		Ad-Hoc|ARM = Ad-Hoc|ARM
		Ad-Hoc|iPhone = Ad-Hoc|iPhone
		Ad-Hoc|iPhoneSimulator = Ad-Hoc|iPhoneSimulator
		Ad-Hoc|x64 = Ad-Hoc|x64
		Ad-Hoc|x86 = Ad-Hoc|x86
		AppStore|Any CPU = AppStore|Any CPU
		AppStore|ARM = AppStore|ARM
		AppStore|iPhone = AppStore|iPhone
		AppStore|iPhoneSimulator = AppStore|iPhoneSimulator
		AppStore|x64 = AppStore|x64
		AppStore|x86 = AppStore|x86
		Debug|Any CPU = Debug|Any CPU
		Debug|ARM = Debug|ARM
		Debug|iPhone = Debug|iPhone
		Debug|iPhoneSimulator = Debug|iPhoneSimulator
		Debug|x64 = Debug|x64
		Debug|x86 = Debug|x86
		Release|Any CPU = Release|Any CPU
		Release|ARM = Release|ARM
		Release|iPhone = Release|iPhone
		Release|iPhoneSimulator = Release|iPhoneSimulator
		Release|x64 = Release|x64
		Release|x86 = Release|x86
	EndGlobalSection
	GlobalSection(ProjectConfigurationPlatforms) = postSolution
		{FA5CC542-8C15-45B3-82AE-38FC47572B3A}.Ad-Hoc|Any CPU.ActiveCfg = Release|Any CPU
		{FA5CC542-8C15-45B3-82AE-38FC47572B3A}.Ad-Hoc|Any CPU.Build.0 = Release|Any CPU
		{FA5CC542-8C15-45B3-82AE-38FC47572B3A}.Ad-Hoc|Any CPU.Deploy.0 = Release|Any CPU
		{FA5CC542-8C15-45B3-82AE-38FC47572B3A}.Ad-Hoc|ARM.ActiveCfg = Release|Any CPU
		{FA5CC542-8C15-45B3-82AE-38FC47572B3A}.Ad-Hoc|ARM.Build.0 = Release|Any CPU
		{FA5CC542-8C15-45B3-82AE-38FC47572B3A}.Ad-Hoc|ARM.Deploy.0 = Release|Any CPU
		{FA5CC542-8C15-45B3-82AE-38FC47572B3A}.Ad-Hoc|iPhone.ActiveCfg = Release|Any CPU
		{FA5CC542-8C15-45B3-82AE-38FC47572B3A}.Ad-Hoc|iPhone.Build.0 = Release|Any CPU
		{FA5CC542-8C15-45B3-82AE-38FC47572B3A}.Ad-Hoc|iPhone.Deploy.0 = Release|Any CPU
		{FA5CC542-8C15-45B3-82AE-38FC47572B3A}.Ad-Hoc|iPhoneSimulator.ActiveCfg = Release|Any CPU
		{FA5CC542-8C15-45B3-82AE-38FC47572B3A}.Ad-Hoc|iPhoneSimulator.Build.0 = Release|Any CPU
		{FA5CC542-8C15-45B3-82AE-38FC47572B3A}.Ad-Hoc|iPhoneSimulator.Deploy.0 = Release|Any CPU
		{FA5CC542-8C15-45B3-82AE-38FC47572B3A}.Ad-Hoc|x64.ActiveCfg = Release|Any CPU
		{FA5CC542-8C15-45B3-82AE-38FC47572B3A}.Ad-Hoc|x64.Build.0 = Release|Any CPU
		{FA5CC542-8C15-45B3-82AE-38FC47572B3A}.Ad-Hoc|x64.Deploy.0 = Release|Any CPU
		{FA5CC542-8C15-45B3-82AE-38FC47572B3A}.Ad-Hoc|x86.ActiveCfg = Release|Any CPU
		{FA5CC542-8C15-45B3-82AE-38FC47572B3A}.Ad-Hoc|x86.Build.0 = Release|Any CPU
		{FA5CC542-8C15-45B3-82AE-38FC47572B3A}.Ad-Hoc|x86.Deploy.0 = Release|Any CPU
		{FA5CC542-8C15-45B3-82AE-38FC47572B3A}.AppStore|Any CPU.ActiveCfg = Release|Any CPU
		{FA5CC542-8C15-45B3-82AE-38FC47572B3A}.AppStore|Any CPU.Build.0 = Release|Any CPU
		{FA5CC542-8C15-45B3-82AE-38FC47572B3A}.AppStore|Any CPU.Deploy.0 = Release|Any CPU
		{FA5CC542-8C15-45B3-82AE-38FC47572B3A}.AppStore|ARM.ActiveCfg = Release|Any CPU
		{FA5CC542-8C15-45B3-82AE-38FC47572B3A}.AppStore|ARM.Build.0 = Release|Any CPU
		{FA5CC542-8C15-45B3-82AE-38FC47572B3A}.AppStore|ARM.Deploy.0 = Release|Any CPU
		{FA5CC542-8C15-45B3-82AE-38FC47572B3A}.AppStore|iPhone.ActiveCfg = Release|Any CPU
		{FA5CC542-8C15-45B3-82AE-38FC47572B3A}.AppStore|iPhone.Build.0 = Release|Any CPU
		{FA5CC542-8C15-45B3-82AE-38FC47572B3A}.AppStore|iPhone.Deploy.0 = Release|Any CPU
		{FA5CC542-8C15-45B3-82AE-38FC47572B3A}.AppStore|iPhoneSimulator.ActiveCfg = Release|Any CPU
		{FA5CC542-8C15-45B3-82AE-38FC47572B3A}.AppStore|iPhoneSimulator.Build.0 = Release|Any CPU
		{FA5CC542-8C15-45B3-82AE-38FC47572B3A}.AppStore|iPhoneSimulator.Deploy.0 = Release|Any CPU
		{FA5CC542-8C15-45B3-82AE-38FC47572B3A}.AppStore|x64.ActiveCfg = Release|Any CPU
		{FA5CC542-8C15-45B3-82AE-38FC47572B3A}.AppStore|x64.Build.0 = Release|Any CPU
		{FA5CC542-8C15-45B3-82AE-38FC47572B3A}.AppStore|x64.Deploy.0 = Release|Any CPU
		{FA5CC542-8C15-45B3-82AE-38FC47572B3A}.AppStore|x86.ActiveCfg = Release|Any CPU
		{FA5CC542-8C15-45B3-82AE-38FC47572B3A}.AppStore|x86.Build.0 = Release|Any CPU
		{FA5CC542-8C15-45B3-82AE-38FC47572B3A}.AppStore|x86.Deploy.0 = Release|Any CPU
		{FA5CC542-8C15-45B3-82AE-38FC47572B3A}.Debug|Any CPU.ActiveCfg = Debug|Any CPU
		{FA5CC542-8C15-45B3-82AE-38FC47572B3A}.Debug|Any CPU.Build.0 = Debug|Any CPU
		{FA5CC542-8C15-45B3-82AE-38FC47572B3A}.Debug|Any CPU.Deploy.0 = Debug|Any CPU
		{FA5CC542-8C15-45B3-82AE-38FC47572B3A}.Debug|ARM.ActiveCfg = Debug|Any CPU
		{FA5CC542-8C15-45B3-82AE-38FC47572B3A}.Debug|ARM.Build.0 = Debug|Any CPU
		{FA5CC542-8C15-45B3-82AE-38FC47572B3A}.Debug|ARM.Deploy.0 = Debug|Any CPU
		{FA5CC542-8C15-45B3-82AE-38FC47572B3A}.Debug|iPhone.ActiveCfg = Debug|Any CPU
		{FA5CC542-8C15-45B3-82AE-38FC47572B3A}.Debug|iPhone.Build.0 = Debug|Any CPU
		{FA5CC542-8C15-45B3-82AE-38FC47572B3A}.Debug|iPhone.Deploy.0 = Debug|Any CPU
		{FA5CC542-8C15-45B3-82AE-38FC47572B3A}.Debug|iPhoneSimulator.ActiveCfg = Debug|Any CPU
		{FA5CC542-8C15-45B3-82AE-38FC47572B3A}.Debug|iPhoneSimulator.Build.0 = Debug|Any CPU
		{FA5CC542-8C15-45B3-82AE-38FC47572B3A}.Debug|iPhoneSimulator.Deploy.0 = Debug|Any CPU
		{FA5CC542-8C15-45B3-82AE-38FC47572B3A}.Debug|x64.ActiveCfg = Debug|Any CPU
		{FA5CC542-8C15-45B3-82AE-38FC47572B3A}.Debug|x64.Build.0 = Debug|Any CPU
		{FA5CC542-8C15-45B3-82AE-38FC47572B3A}.Debug|x64.Deploy.0 = Debug|Any CPU
		{FA5CC542-8C15-45B3-82AE-38FC47572B3A}.Debug|x86.ActiveCfg = Debug|Any CPU
		{FA5CC542-8C15-45B3-82AE-38FC47572B3A}.Debug|x86.Build.0 = Debug|Any CPU
		{FA5CC542-8C15-45B3-82AE-38FC47572B3A}.Debug|x86.Deploy.0 = Debug|Any CPU
		{FA5CC542-8C15-45B3-82AE-38FC47572B3A}.Release|Any CPU.ActiveCfg = Release|Any CPU
		{FA5CC542-8C15-45B3-82AE-38FC47572B3A}.Release|Any CPU.Build.0 = Release|Any CPU
		{FA5CC542-8C15-45B3-82AE-38FC47572B3A}.Release|Any CPU.Deploy.0 = Release|Any CPU
		{FA5CC542-8C15-45B3-82AE-38FC47572B3A}.Release|ARM.ActiveCfg = Release|Any CPU
		{FA5CC542-8C15-45B3-82AE-38FC47572B3A}.Release|ARM.Build.0 = Release|Any CPU
		{FA5CC542-8C15-45B3-82AE-38FC47572B3A}.Release|ARM.Deploy.0 = Release|Any CPU
		{FA5CC542-8C15-45B3-82AE-38FC47572B3A}.Release|iPhone.ActiveCfg = Release|Any CPU
		{FA5CC542-8C15-45B3-82AE-38FC47572B3A}.Release|iPhone.Build.0 = Release|Any CPU
		{FA5CC542-8C15-45B3-82AE-38FC47572B3A}.Release|iPhone.Deploy.0 = Release|Any CPU
		{FA5CC542-8C15-45B3-82AE-38FC47572B3A}.Release|iPhoneSimulator.ActiveCfg = Release|Any CPU
		{FA5CC542-8C15-45B3-82AE-38FC47572B3A}.Release|iPhoneSimulator.Build.0 = Release|Any CPU
		{FA5CC542-8C15-45B3-82AE-38FC47572B3A}.Release|iPhoneSimulator.Deploy.0 = Release|Any CPU
		{FA5CC542-8C15-45B3-82AE-38FC47572B3A}.Release|x64.ActiveCfg = Release|Any CPU
		{FA5CC542-8C15-45B3-82AE-38FC47572B3A}.Release|x64.Build.0 = Release|Any CPU
		{FA5CC542-8C15-45B3-82AE-38FC47572B3A}.Release|x64.Deploy.0 = Release|Any CPU
		{FA5CC542-8C15-45B3-82AE-38FC47572B3A}.Release|x86.ActiveCfg = Release|Any CPU
		{FA5CC542-8C15-45B3-82AE-38FC47572B3A}.Release|x86.Build.0 = Release|Any CPU
		{FA5CC542-8C15-45B3-82AE-38FC47572B3A}.Release|x86.Deploy.0 = Release|Any CPU
		{315536AC-DBDB-4DEB-9F29-4C9CC72A1D14}.Ad-Hoc|Any CPU.ActiveCfg = Ad-Hoc|iPhone
		{315536AC-DBDB-4DEB-9F29-4C9CC72A1D14}.Ad-Hoc|Any CPU.Build.0 = Ad-Hoc|iPhone
		{315536AC-DBDB-4DEB-9F29-4C9CC72A1D14}.Ad-Hoc|Any CPU.Deploy.0 = Ad-Hoc|iPhone
		{315536AC-DBDB-4DEB-9F29-4C9CC72A1D14}.Ad-Hoc|ARM.ActiveCfg = Ad-Hoc|iPhone
		{315536AC-DBDB-4DEB-9F29-4C9CC72A1D14}.Ad-Hoc|ARM.Build.0 = Ad-Hoc|iPhone
		{315536AC-DBDB-4DEB-9F29-4C9CC72A1D14}.Ad-Hoc|ARM.Deploy.0 = Ad-Hoc|iPhone
		{315536AC-DBDB-4DEB-9F29-4C9CC72A1D14}.Ad-Hoc|iPhone.ActiveCfg = Ad-Hoc|iPhone
		{315536AC-DBDB-4DEB-9F29-4C9CC72A1D14}.Ad-Hoc|iPhone.Build.0 = Ad-Hoc|iPhone
		{315536AC-DBDB-4DEB-9F29-4C9CC72A1D14}.Ad-Hoc|iPhone.Deploy.0 = Ad-Hoc|iPhone
		{315536AC-DBDB-4DEB-9F29-4C9CC72A1D14}.Ad-Hoc|iPhoneSimulator.ActiveCfg = Ad-Hoc|iPhoneSimulator
		{315536AC-DBDB-4DEB-9F29-4C9CC72A1D14}.Ad-Hoc|iPhoneSimulator.Build.0 = Ad-Hoc|iPhoneSimulator
		{315536AC-DBDB-4DEB-9F29-4C9CC72A1D14}.Ad-Hoc|iPhoneSimulator.Deploy.0 = Ad-Hoc|iPhoneSimulator
		{315536AC-DBDB-4DEB-9F29-4C9CC72A1D14}.Ad-Hoc|x64.ActiveCfg = Ad-Hoc|iPhone
		{315536AC-DBDB-4DEB-9F29-4C9CC72A1D14}.Ad-Hoc|x64.Build.0 = Ad-Hoc|iPhone
		{315536AC-DBDB-4DEB-9F29-4C9CC72A1D14}.Ad-Hoc|x64.Deploy.0 = Ad-Hoc|iPhone
		{315536AC-DBDB-4DEB-9F29-4C9CC72A1D14}.Ad-Hoc|x86.ActiveCfg = Ad-Hoc|iPhone
		{315536AC-DBDB-4DEB-9F29-4C9CC72A1D14}.Ad-Hoc|x86.Build.0 = Ad-Hoc|iPhone
		{315536AC-DBDB-4DEB-9F29-4C9CC72A1D14}.Ad-Hoc|x86.Deploy.0 = Ad-Hoc|iPhone
		{315536AC-DBDB-4DEB-9F29-4C9CC72A1D14}.AppStore|Any CPU.ActiveCfg = AppStore|iPhone
		{315536AC-DBDB-4DEB-9F29-4C9CC72A1D14}.AppStore|Any CPU.Build.0 = AppStore|iPhone
		{315536AC-DBDB-4DEB-9F29-4C9CC72A1D14}.AppStore|Any CPU.Deploy.0 = AppStore|iPhone
		{315536AC-DBDB-4DEB-9F29-4C9CC72A1D14}.AppStore|ARM.ActiveCfg = AppStore|iPhone
		{315536AC-DBDB-4DEB-9F29-4C9CC72A1D14}.AppStore|ARM.Build.0 = AppStore|iPhone
		{315536AC-DBDB-4DEB-9F29-4C9CC72A1D14}.AppStore|ARM.Deploy.0 = AppStore|iPhone
		{315536AC-DBDB-4DEB-9F29-4C9CC72A1D14}.AppStore|iPhone.ActiveCfg = AppStore|iPhone
		{315536AC-DBDB-4DEB-9F29-4C9CC72A1D14}.AppStore|iPhone.Build.0 = AppStore|iPhone
		{315536AC-DBDB-4DEB-9F29-4C9CC72A1D14}.AppStore|iPhone.Deploy.0 = AppStore|iPhone
		{315536AC-DBDB-4DEB-9F29-4C9CC72A1D14}.AppStore|iPhoneSimulator.ActiveCfg = AppStore|iPhoneSimulator
		{315536AC-DBDB-4DEB-9F29-4C9CC72A1D14}.AppStore|iPhoneSimulator.Build.0 = AppStore|iPhoneSimulator
		{315536AC-DBDB-4DEB-9F29-4C9CC72A1D14}.AppStore|iPhoneSimulator.Deploy.0 = AppStore|iPhoneSimulator
		{315536AC-DBDB-4DEB-9F29-4C9CC72A1D14}.AppStore|x64.ActiveCfg = AppStore|iPhone
		{315536AC-DBDB-4DEB-9F29-4C9CC72A1D14}.AppStore|x64.Build.0 = AppStore|iPhone
		{315536AC-DBDB-4DEB-9F29-4C9CC72A1D14}.AppStore|x64.Deploy.0 = AppStore|iPhone
		{315536AC-DBDB-4DEB-9F29-4C9CC72A1D14}.AppStore|x86.ActiveCfg = AppStore|iPhone
		{315536AC-DBDB-4DEB-9F29-4C9CC72A1D14}.AppStore|x86.Build.0 = AppStore|iPhone
		{315536AC-DBDB-4DEB-9F29-4C9CC72A1D14}.AppStore|x86.Deploy.0 = AppStore|iPhone
		{315536AC-DBDB-4DEB-9F29-4C9CC72A1D14}.Debug|Any CPU.ActiveCfg = Debug|iPhoneSimulator
		{315536AC-DBDB-4DEB-9F29-4C9CC72A1D14}.Debug|Any CPU.Build.0 = Debug|iPhoneSimulator
		{315536AC-DBDB-4DEB-9F29-4C9CC72A1D14}.Debug|Any CPU.Deploy.0 = Debug|iPhoneSimulator
		{315536AC-DBDB-4DEB-9F29-4C9CC72A1D14}.Debug|ARM.ActiveCfg = Debug|iPhone
		{315536AC-DBDB-4DEB-9F29-4C9CC72A1D14}.Debug|ARM.Build.0 = Debug|iPhone
		{315536AC-DBDB-4DEB-9F29-4C9CC72A1D14}.Debug|ARM.Deploy.0 = Debug|iPhone
		{315536AC-DBDB-4DEB-9F29-4C9CC72A1D14}.Debug|iPhone.ActiveCfg = Debug|iPhone
		{315536AC-DBDB-4DEB-9F29-4C9CC72A1D14}.Debug|iPhone.Build.0 = Debug|iPhone
		{315536AC-DBDB-4DEB-9F29-4C9CC72A1D14}.Debug|iPhone.Deploy.0 = Debug|iPhone
		{315536AC-DBDB-4DEB-9F29-4C9CC72A1D14}.Debug|iPhoneSimulator.ActiveCfg = Debug|iPhoneSimulator
		{315536AC-DBDB-4DEB-9F29-4C9CC72A1D14}.Debug|iPhoneSimulator.Build.0 = Debug|iPhoneSimulator
		{315536AC-DBDB-4DEB-9F29-4C9CC72A1D14}.Debug|iPhoneSimulator.Deploy.0 = Debug|iPhoneSimulator
		{315536AC-DBDB-4DEB-9F29-4C9CC72A1D14}.Debug|x64.ActiveCfg = Debug|iPhone
		{315536AC-DBDB-4DEB-9F29-4C9CC72A1D14}.Debug|x64.Build.0 = Debug|iPhone
		{315536AC-DBDB-4DEB-9F29-4C9CC72A1D14}.Debug|x64.Deploy.0 = Debug|iPhone
		{315536AC-DBDB-4DEB-9F29-4C9CC72A1D14}.Debug|x86.ActiveCfg = Debug|iPhone
		{315536AC-DBDB-4DEB-9F29-4C9CC72A1D14}.Debug|x86.Build.0 = Debug|iPhone
		{315536AC-DBDB-4DEB-9F29-4C9CC72A1D14}.Debug|x86.Deploy.0 = Debug|iPhone
		{315536AC-DBDB-4DEB-9F29-4C9CC72A1D14}.Release|Any CPU.ActiveCfg = Release|iPhone
		{315536AC-DBDB-4DEB-9F29-4C9CC72A1D14}.Release|Any CPU.Build.0 = Release|iPhone
		{315536AC-DBDB-4DEB-9F29-4C9CC72A1D14}.Release|Any CPU.Deploy.0 = Release|iPhone
		{315536AC-DBDB-4DEB-9F29-4C9CC72A1D14}.Release|ARM.ActiveCfg = Release|iPhone
		{315536AC-DBDB-4DEB-9F29-4C9CC72A1D14}.Release|ARM.Build.0 = Release|iPhone
		{315536AC-DBDB-4DEB-9F29-4C9CC72A1D14}.Release|ARM.Deploy.0 = Release|iPhone
		{315536AC-DBDB-4DEB-9F29-4C9CC72A1D14}.Release|iPhone.ActiveCfg = Release|iPhone
		{315536AC-DBDB-4DEB-9F29-4C9CC72A1D14}.Release|iPhone.Build.0 = Release|iPhone
		{315536AC-DBDB-4DEB-9F29-4C9CC72A1D14}.Release|iPhone.Deploy.0 = Release|iPhone
		{315536AC-DBDB-4DEB-9F29-4C9CC72A1D14}.Release|iPhoneSimulator.ActiveCfg = Release|iPhoneSimulator
		{315536AC-DBDB-4DEB-9F29-4C9CC72A1D14}.Release|iPhoneSimulator.Build.0 = Release|iPhoneSimulator
		{315536AC-DBDB-4DEB-9F29-4C9CC72A1D14}.Release|iPhoneSimulator.Deploy.0 = Release|iPhoneSimulator
		{315536AC-DBDB-4DEB-9F29-4C9CC72A1D14}.Release|x64.ActiveCfg = Release|iPhone
		{315536AC-DBDB-4DEB-9F29-4C9CC72A1D14}.Release|x64.Build.0 = Release|iPhone
		{315536AC-DBDB-4DEB-9F29-4C9CC72A1D14}.Release|x64.Deploy.0 = Release|iPhone
		{315536AC-DBDB-4DEB-9F29-4C9CC72A1D14}.Release|x86.ActiveCfg = Release|iPhone
		{315536AC-DBDB-4DEB-9F29-4C9CC72A1D14}.Release|x86.Build.0 = Release|iPhone
		{315536AC-DBDB-4DEB-9F29-4C9CC72A1D14}.Release|x86.Deploy.0 = Release|iPhone
		{20BEA764-790C-4B8A-92C4-193050BFBD0A}.Ad-Hoc|Any CPU.ActiveCfg = Release|x86
		{20BEA764-790C-4B8A-92C4-193050BFBD0A}.Ad-Hoc|Any CPU.Build.0 = Release|x86
		{20BEA764-790C-4B8A-92C4-193050BFBD0A}.Ad-Hoc|Any CPU.Deploy.0 = Release|x86
		{20BEA764-790C-4B8A-92C4-193050BFBD0A}.Ad-Hoc|ARM.ActiveCfg = Release|ARM
		{20BEA764-790C-4B8A-92C4-193050BFBD0A}.Ad-Hoc|ARM.Build.0 = Release|ARM
		{20BEA764-790C-4B8A-92C4-193050BFBD0A}.Ad-Hoc|ARM.Deploy.0 = Release|ARM
		{20BEA764-790C-4B8A-92C4-193050BFBD0A}.Ad-Hoc|iPhone.ActiveCfg = Release|x86
		{20BEA764-790C-4B8A-92C4-193050BFBD0A}.Ad-Hoc|iPhone.Build.0 = Release|x86
		{20BEA764-790C-4B8A-92C4-193050BFBD0A}.Ad-Hoc|iPhone.Deploy.0 = Release|x86
		{20BEA764-790C-4B8A-92C4-193050BFBD0A}.Ad-Hoc|iPhoneSimulator.ActiveCfg = Release|x86
		{20BEA764-790C-4B8A-92C4-193050BFBD0A}.Ad-Hoc|iPhoneSimulator.Build.0 = Release|x86
		{20BEA764-790C-4B8A-92C4-193050BFBD0A}.Ad-Hoc|iPhoneSimulator.Deploy.0 = Release|x86
		{20BEA764-790C-4B8A-92C4-193050BFBD0A}.Ad-Hoc|x64.ActiveCfg = Release|x64
		{20BEA764-790C-4B8A-92C4-193050BFBD0A}.Ad-Hoc|x64.Build.0 = Release|x64
		{20BEA764-790C-4B8A-92C4-193050BFBD0A}.Ad-Hoc|x64.Deploy.0 = Release|x64
		{20BEA764-790C-4B8A-92C4-193050BFBD0A}.Ad-Hoc|x86.ActiveCfg = Release|x86
		{20BEA764-790C-4B8A-92C4-193050BFBD0A}.Ad-Hoc|x86.Build.0 = Release|x86
		{20BEA764-790C-4B8A-92C4-193050BFBD0A}.Ad-Hoc|x86.Deploy.0 = Release|x86
		{20BEA764-790C-4B8A-92C4-193050BFBD0A}.AppStore|Any CPU.ActiveCfg = Release|x86
		{20BEA764-790C-4B8A-92C4-193050BFBD0A}.AppStore|Any CPU.Build.0 = Release|x86
		{20BEA764-790C-4B8A-92C4-193050BFBD0A}.AppStore|Any CPU.Deploy.0 = Release|x86
		{20BEA764-790C-4B8A-92C4-193050BFBD0A}.AppStore|ARM.ActiveCfg = Release|ARM
		{20BEA764-790C-4B8A-92C4-193050BFBD0A}.AppStore|ARM.Build.0 = Release|ARM
		{20BEA764-790C-4B8A-92C4-193050BFBD0A}.AppStore|ARM.Deploy.0 = Release|ARM
		{20BEA764-790C-4B8A-92C4-193050BFBD0A}.AppStore|iPhone.ActiveCfg = Release|x86
		{20BEA764-790C-4B8A-92C4-193050BFBD0A}.AppStore|iPhone.Build.0 = Release|x86
		{20BEA764-790C-4B8A-92C4-193050BFBD0A}.AppStore|iPhone.Deploy.0 = Release|x86
		{20BEA764-790C-4B8A-92C4-193050BFBD0A}.AppStore|iPhoneSimulator.ActiveCfg = Release|x86
		{20BEA764-790C-4B8A-92C4-193050BFBD0A}.AppStore|iPhoneSimulator.Build.0 = Release|x86
		{20BEA764-790C-4B8A-92C4-193050BFBD0A}.AppStore|iPhoneSimulator.Deploy.0 = Release|x86
		{20BEA764-790C-4B8A-92C4-193050BFBD0A}.AppStore|x64.ActiveCfg = Release|x64
		{20BEA764-790C-4B8A-92C4-193050BFBD0A}.AppStore|x64.Build.0 = Release|x64
		{20BEA764-790C-4B8A-92C4-193050BFBD0A}.AppStore|x64.Deploy.0 = Release|x64
		{20BEA764-790C-4B8A-92C4-193050BFBD0A}.AppStore|x86.ActiveCfg = Release|x86
		{20BEA764-790C-4B8A-92C4-193050BFBD0A}.AppStore|x86.Build.0 = Release|x86
		{20BEA764-790C-4B8A-92C4-193050BFBD0A}.AppStore|x86.Deploy.0 = Release|x86
		{20BEA764-790C-4B8A-92C4-193050BFBD0A}.Debug|Any CPU.ActiveCfg = Debug|x86
		{20BEA764-790C-4B8A-92C4-193050BFBD0A}.Debug|Any CPU.Build.0 = Debug|x86
		{20BEA764-790C-4B8A-92C4-193050BFBD0A}.Debug|Any CPU.Deploy.0 = Debug|x86
		{20BEA764-790C-4B8A-92C4-193050BFBD0A}.Debug|ARM.ActiveCfg = Debug|ARM
		{20BEA764-790C-4B8A-92C4-193050BFBD0A}.Debug|ARM.Build.0 = Debug|ARM
		{20BEA764-790C-4B8A-92C4-193050BFBD0A}.Debug|ARM.Deploy.0 = Debug|ARM
		{20BEA764-790C-4B8A-92C4-193050BFBD0A}.Debug|iPhone.ActiveCfg = Debug|x86
		{20BEA764-790C-4B8A-92C4-193050BFBD0A}.Debug|iPhone.Build.0 = Debug|x86
		{20BEA764-790C-4B8A-92C4-193050BFBD0A}.Debug|iPhone.Deploy.0 = Debug|x86
		{20BEA764-790C-4B8A-92C4-193050BFBD0A}.Debug|iPhoneSimulator.ActiveCfg = Debug|x86
		{20BEA764-790C-4B8A-92C4-193050BFBD0A}.Debug|iPhoneSimulator.Build.0 = Debug|x86
		{20BEA764-790C-4B8A-92C4-193050BFBD0A}.Debug|iPhoneSimulator.Deploy.0 = Debug|x86
		{20BEA764-790C-4B8A-92C4-193050BFBD0A}.Debug|x64.ActiveCfg = Debug|x64
		{20BEA764-790C-4B8A-92C4-193050BFBD0A}.Debug|x64.Build.0 = Debug|x64
		{20BEA764-790C-4B8A-92C4-193050BFBD0A}.Debug|x64.Deploy.0 = Debug|x64
		{20BEA764-790C-4B8A-92C4-193050BFBD0A}.Debug|x86.ActiveCfg = Debug|x86
		{20BEA764-790C-4B8A-92C4-193050BFBD0A}.Debug|x86.Build.0 = Debug|x86
		{20BEA764-790C-4B8A-92C4-193050BFBD0A}.Debug|x86.Deploy.0 = Debug|x86
		{20BEA764-790C-4B8A-92C4-193050BFBD0A}.Release|Any CPU.ActiveCfg = Release|x86
		{20BEA764-790C-4B8A-92C4-193050BFBD0A}.Release|Any CPU.Build.0 = Release|x86
		{20BEA764-790C-4B8A-92C4-193050BFBD0A}.Release|Any CPU.Deploy.0 = Release|x86
		{20BEA764-790C-4B8A-92C4-193050BFBD0A}.Release|ARM.ActiveCfg = Release|ARM
		{20BEA764-790C-4B8A-92C4-193050BFBD0A}.Release|ARM.Build.0 = Release|ARM
		{20BEA764-790C-4B8A-92C4-193050BFBD0A}.Release|ARM.Deploy.0 = Release|ARM
		{20BEA764-790C-4B8A-92C4-193050BFBD0A}.Release|iPhone.ActiveCfg = Release|x86
		{20BEA764-790C-4B8A-92C4-193050BFBD0A}.Release|iPhone.Build.0 = Release|x86
		{20BEA764-790C-4B8A-92C4-193050BFBD0A}.Release|iPhone.Deploy.0 = Release|x86
		{20BEA764-790C-4B8A-92C4-193050BFBD0A}.Release|iPhoneSimulator.ActiveCfg = Release|x86
		{20BEA764-790C-4B8A-92C4-193050BFBD0A}.Release|iPhoneSimulator.Build.0 = Release|x86
		{20BEA764-790C-4B8A-92C4-193050BFBD0A}.Release|iPhoneSimulator.Deploy.0 = Release|x86
		{20BEA764-790C-4B8A-92C4-193050BFBD0A}.Release|x64.ActiveCfg = Release|x64
		{20BEA764-790C-4B8A-92C4-193050BFBD0A}.Release|x64.Build.0 = Release|x64
		{20BEA764-790C-4B8A-92C4-193050BFBD0A}.Release|x64.Deploy.0 = Release|x64
		{20BEA764-790C-4B8A-92C4-193050BFBD0A}.Release|x86.ActiveCfg = Release|x86
		{20BEA764-790C-4B8A-92C4-193050BFBD0A}.Release|x86.Build.0 = Release|x86
		{20BEA764-790C-4B8A-92C4-193050BFBD0A}.Release|x86.Deploy.0 = Release|x86
		{7C53037F-7970-4D3D-A7DC-E323201A819A}.Ad-Hoc|Any CPU.ActiveCfg = Debug|Any CPU
		{7C53037F-7970-4D3D-A7DC-E323201A819A}.Ad-Hoc|Any CPU.Build.0 = Debug|Any CPU
		{7C53037F-7970-4D3D-A7DC-E323201A819A}.Ad-Hoc|Any CPU.Deploy.0 = Debug|Any CPU
		{7C53037F-7970-4D3D-A7DC-E323201A819A}.Ad-Hoc|ARM.ActiveCfg = Debug|Any CPU
		{7C53037F-7970-4D3D-A7DC-E323201A819A}.Ad-Hoc|ARM.Build.0 = Debug|Any CPU
		{7C53037F-7970-4D3D-A7DC-E323201A819A}.Ad-Hoc|ARM.Deploy.0 = Debug|Any CPU
		{7C53037F-7970-4D3D-A7DC-E323201A819A}.Ad-Hoc|iPhone.ActiveCfg = Debug|Any CPU
		{7C53037F-7970-4D3D-A7DC-E323201A819A}.Ad-Hoc|iPhone.Build.0 = Debug|Any CPU
		{7C53037F-7970-4D3D-A7DC-E323201A819A}.Ad-Hoc|iPhone.Deploy.0 = Debug|Any CPU
		{7C53037F-7970-4D3D-A7DC-E323201A819A}.Ad-Hoc|iPhoneSimulator.ActiveCfg = Debug|Any CPU
		{7C53037F-7970-4D3D-A7DC-E323201A819A}.Ad-Hoc|iPhoneSimulator.Build.0 = Debug|Any CPU
		{7C53037F-7970-4D3D-A7DC-E323201A819A}.Ad-Hoc|iPhoneSimulator.Deploy.0 = Debug|Any CPU
		{7C53037F-7970-4D3D-A7DC-E323201A819A}.Ad-Hoc|x64.ActiveCfg = Debug|Any CPU
		{7C53037F-7970-4D3D-A7DC-E323201A819A}.Ad-Hoc|x64.Build.0 = Debug|Any CPU
		{7C53037F-7970-4D3D-A7DC-E323201A819A}.Ad-Hoc|x64.Deploy.0 = Debug|Any CPU
		{7C53037F-7970-4D3D-A7DC-E323201A819A}.Ad-Hoc|x86.ActiveCfg = Debug|Any CPU
		{7C53037F-7970-4D3D-A7DC-E323201A819A}.Ad-Hoc|x86.Build.0 = Debug|Any CPU
		{7C53037F-7970-4D3D-A7DC-E323201A819A}.Ad-Hoc|x86.Deploy.0 = Debug|Any CPU
		{7C53037F-7970-4D3D-A7DC-E323201A819A}.AppStore|Any CPU.ActiveCfg = Debug|Any CPU
		{7C53037F-7970-4D3D-A7DC-E323201A819A}.AppStore|Any CPU.Build.0 = Debug|Any CPU
		{7C53037F-7970-4D3D-A7DC-E323201A819A}.AppStore|Any CPU.Deploy.0 = Debug|Any CPU
		{7C53037F-7970-4D3D-A7DC-E323201A819A}.AppStore|ARM.ActiveCfg = Debug|Any CPU
		{7C53037F-7970-4D3D-A7DC-E323201A819A}.AppStore|ARM.Build.0 = Debug|Any CPU
		{7C53037F-7970-4D3D-A7DC-E323201A819A}.AppStore|ARM.Deploy.0 = Debug|Any CPU
		{7C53037F-7970-4D3D-A7DC-E323201A819A}.AppStore|iPhone.ActiveCfg = Debug|Any CPU
		{7C53037F-7970-4D3D-A7DC-E323201A819A}.AppStore|iPhone.Build.0 = Debug|Any CPU
		{7C53037F-7970-4D3D-A7DC-E323201A819A}.AppStore|iPhone.Deploy.0 = Debug|Any CPU
		{7C53037F-7970-4D3D-A7DC-E323201A819A}.AppStore|iPhoneSimulator.ActiveCfg = Debug|Any CPU
		{7C53037F-7970-4D3D-A7DC-E323201A819A}.AppStore|iPhoneSimulator.Build.0 = Debug|Any CPU
		{7C53037F-7970-4D3D-A7DC-E323201A819A}.AppStore|iPhoneSimulator.Deploy.0 = Debug|Any CPU
		{7C53037F-7970-4D3D-A7DC-E323201A819A}.AppStore|x64.ActiveCfg = Debug|Any CPU
		{7C53037F-7970-4D3D-A7DC-E323201A819A}.AppStore|x64.Build.0 = Debug|Any CPU
		{7C53037F-7970-4D3D-A7DC-E323201A819A}.AppStore|x64.Deploy.0 = Debug|Any CPU
		{7C53037F-7970-4D3D-A7DC-E323201A819A}.AppStore|x86.ActiveCfg = Debug|Any CPU
		{7C53037F-7970-4D3D-A7DC-E323201A819A}.AppStore|x86.Build.0 = Debug|Any CPU
		{7C53037F-7970-4D3D-A7DC-E323201A819A}.AppStore|x86.Deploy.0 = Debug|Any CPU
		{7C53037F-7970-4D3D-A7DC-E323201A819A}.Debug|Any CPU.ActiveCfg = Debug|Any CPU
		{7C53037F-7970-4D3D-A7DC-E323201A819A}.Debug|Any CPU.Build.0 = Debug|Any CPU
		{7C53037F-7970-4D3D-A7DC-E323201A819A}.Debug|Any CPU.Deploy.0 = Debug|Any CPU
		{7C53037F-7970-4D3D-A7DC-E323201A819A}.Debug|ARM.ActiveCfg = Debug|Any CPU
		{7C53037F-7970-4D3D-A7DC-E323201A819A}.Debug|ARM.Build.0 = Debug|Any CPU
		{7C53037F-7970-4D3D-A7DC-E323201A819A}.Debug|ARM.Deploy.0 = Debug|Any CPU
		{7C53037F-7970-4D3D-A7DC-E323201A819A}.Debug|iPhone.ActiveCfg = Debug|Any CPU
		{7C53037F-7970-4D3D-A7DC-E323201A819A}.Debug|iPhone.Build.0 = Debug|Any CPU
		{7C53037F-7970-4D3D-A7DC-E323201A819A}.Debug|iPhone.Deploy.0 = Debug|Any CPU
		{7C53037F-7970-4D3D-A7DC-E323201A819A}.Debug|iPhoneSimulator.ActiveCfg = Debug|Any CPU
		{7C53037F-7970-4D3D-A7DC-E323201A819A}.Debug|iPhoneSimulator.Build.0 = Debug|Any CPU
		{7C53037F-7970-4D3D-A7DC-E323201A819A}.Debug|iPhoneSimulator.Deploy.0 = Debug|Any CPU
		{7C53037F-7970-4D3D-A7DC-E323201A819A}.Debug|x64.ActiveCfg = Debug|Any CPU
		{7C53037F-7970-4D3D-A7DC-E323201A819A}.Debug|x64.Build.0 = Debug|Any CPU
		{7C53037F-7970-4D3D-A7DC-E323201A819A}.Debug|x64.Deploy.0 = Debug|Any CPU
		{7C53037F-7970-4D3D-A7DC-E323201A819A}.Debug|x86.ActiveCfg = Debug|Any CPU
		{7C53037F-7970-4D3D-A7DC-E323201A819A}.Debug|x86.Build.0 = Debug|Any CPU
		{7C53037F-7970-4D3D-A7DC-E323201A819A}.Debug|x86.Deploy.0 = Debug|Any CPU
		{7C53037F-7970-4D3D-A7DC-E323201A819A}.Release|Any CPU.ActiveCfg = Release|Any CPU
		{7C53037F-7970-4D3D-A7DC-E323201A819A}.Release|Any CPU.Build.0 = Release|Any CPU
		{7C53037F-7970-4D3D-A7DC-E323201A819A}.Release|Any CPU.Deploy.0 = Release|Any CPU
		{7C53037F-7970-4D3D-A7DC-E323201A819A}.Release|ARM.ActiveCfg = Release|Any CPU
		{7C53037F-7970-4D3D-A7DC-E323201A819A}.Release|ARM.Build.0 = Release|Any CPU
		{7C53037F-7970-4D3D-A7DC-E323201A819A}.Release|ARM.Deploy.0 = Release|Any CPU
		{7C53037F-7970-4D3D-A7DC-E323201A819A}.Release|iPhone.ActiveCfg = Release|Any CPU
		{7C53037F-7970-4D3D-A7DC-E323201A819A}.Release|iPhone.Build.0 = Release|Any CPU
		{7C53037F-7970-4D3D-A7DC-E323201A819A}.Release|iPhone.Deploy.0 = Release|Any CPU
		{7C53037F-7970-4D3D-A7DC-E323201A819A}.Release|iPhoneSimulator.ActiveCfg = Release|Any CPU
		{7C53037F-7970-4D3D-A7DC-E323201A819A}.Release|iPhoneSimulator.Build.0 = Release|Any CPU
		{7C53037F-7970-4D3D-A7DC-E323201A819A}.Release|iPhoneSimulator.Deploy.0 = Release|Any CPU
		{7C53037F-7970-4D3D-A7DC-E323201A819A}.Release|x64.ActiveCfg = Release|Any CPU
		{7C53037F-7970-4D3D-A7DC-E323201A819A}.Release|x64.Build.0 = Release|Any CPU
		{7C53037F-7970-4D3D-A7DC-E323201A819A}.Release|x64.Deploy.0 = Release|Any CPU
		{7C53037F-7970-4D3D-A7DC-E323201A819A}.Release|x86.ActiveCfg = Release|Any CPU
		{7C53037F-7970-4D3D-A7DC-E323201A819A}.Release|x86.Build.0 = Release|Any CPU
		{7C53037F-7970-4D3D-A7DC-E323201A819A}.Release|x86.Deploy.0 = Release|Any CPU
	EndGlobalSection
	GlobalSection(SolutionProperties) = preSolution
		HideSolutionNode = FALSE
	EndGlobalSection
	GlobalSection(ExtensibilityGlobals) = postSolution
		SolutionGuid = {4CA5D2EC-9F3B-4D4E-8355-C712634D4C9A}
	EndGlobalSection
EndGlobal
